// !$*UTF8*$!
{
	archiveVersion = 1;
	classes = {
	};
	objectVersion = 56;
	objects = {

/* Begin PBXBuildFile section */
		ECAC38DF2BBBCA180019C6FC /* PokeAppApp.swift in Sources */ = {isa = PBXBuildFile; fileRef = ECAC38DE2BBBCA180019C6FC /* PokeAppApp.swift */; };
		ECAC38E12BBBCA180019C6FC /* LoginView.swift in Sources */ = {isa = PBXBuildFile; fileRef = ECAC38E02BBBCA180019C6FC /* LoginView.swift */; };
		ECAC38E32BBBCA180019C6FC /* Pokemon.swift in Sources */ = {isa = PBXBuildFile; fileRef = ECAC38E22BBBCA180019C6FC /* Pokemon.swift */; };
		ECAC38E52BBBCA1B0019C6FC /* Assets.xcassets in Resources */ = {isa = PBXBuildFile; fileRef = ECAC38E42BBBCA1B0019C6FC /* Assets.xcassets */; };
		ECAC38E92BBBCA1B0019C6FC /* Preview Assets.xcassets in Resources */ = {isa = PBXBuildFile; fileRef = ECAC38E82BBBCA1B0019C6FC /* Preview Assets.xcassets */; };
		ECAC38F32BBBCA1B0019C6FC /* PokeAppTests.swift in Sources */ = {isa = PBXBuildFile; fileRef = ECAC38F22BBBCA1B0019C6FC /* PokeAppTests.swift */; };
		ECAC38FD2BBBCA1B0019C6FC /* PokeAppUITests.swift in Sources */ = {isa = PBXBuildFile; fileRef = ECAC38FC2BBBCA1B0019C6FC /* PokeAppUITests.swift */; };
		ECAC38FF2BBBCA1B0019C6FC /* PokeAppUITestsLaunchTests.swift in Sources */ = {isa = PBXBuildFile; fileRef = ECAC38FE2BBBCA1B0019C6FC /* PokeAppUITestsLaunchTests.swift */; };
		ECAC390F2BBBCC6D0019C6FC /* FirebaseAuth in Frameworks */ = {isa = PBXBuildFile; productRef = ECAC390E2BBBCC6D0019C6FC /* FirebaseAuth */; };
		ECAC39112BBBCC6D0019C6FC /* FirebaseAuthCombine-Community in Frameworks */ = {isa = PBXBuildFile; productRef = ECAC39102BBBCC6D0019C6FC /* FirebaseAuthCombine-Community */; };
		ECAC39132BBBCD8F0019C6FC /* GoogleService-Info.plist in Resources */ = {isa = PBXBuildFile; fileRef = ECAC39122BBBCD8F0019C6FC /* GoogleService-Info.plist */; };
		ECAC39162BBBCDE80019C6FC /* GoogleSignIn in Frameworks */ = {isa = PBXBuildFile; productRef = ECAC39152BBBCDE80019C6FC /* GoogleSignIn */; };
		ECAC39182BBBCDE80019C6FC /* GoogleSignInSwift in Frameworks */ = {isa = PBXBuildFile; productRef = ECAC39172BBBCDE80019C6FC /* GoogleSignInSwift */; };
		ECAC391E2BBBCEBA0019C6FC /* Alamofire in Frameworks */ = {isa = PBXBuildFile; productRef = ECAC391D2BBBCEBA0019C6FC /* Alamofire */; };
		ECAC39202BBBCEBA0019C6FC /* AlamofireDynamic in Frameworks */ = {isa = PBXBuildFile; productRef = ECAC391F2BBBCEBA0019C6FC /* AlamofireDynamic */; };
		ECAC39262BBBCEFC0019C6FC /* Localizable.xcstrings in Resources */ = {isa = PBXBuildFile; fileRef = ECAC39252BBBCEFC0019C6FC /* Localizable.xcstrings */; };
		ECAC392C2BBBCF6F0019C6FC /* PersistentManager.swift in Sources */ = {isa = PBXBuildFile; fileRef = ECAC392B2BBBCF6F0019C6FC /* PersistentManager.swift */; };
		ECAC39362BBBD4310019C6FC /* Mocker in Frameworks */ = {isa = PBXBuildFile; productRef = ECAC39352BBBD4310019C6FC /* Mocker */; };
		ECAC39392BBBD4D20019C6FC /* Launch Screen.storyboard in Resources */ = {isa = PBXBuildFile; fileRef = ECAC39382BBBD4D20019C6FC /* Launch Screen.storyboard */; };
		ECAC393B2BBBDA800019C6FC /* LoginViewModel.swift in Sources */ = {isa = PBXBuildFile; fileRef = ECAC393A2BBBDA800019C6FC /* LoginViewModel.swift */; };
/* End PBXBuildFile section */

/* Begin PBXContainerItemProxy section */
		ECAC38EF2BBBCA1B0019C6FC /* PBXContainerItemProxy */ = {
			isa = PBXContainerItemProxy;
			containerPortal = ECAC38D32BBBCA180019C6FC /* Project object */;
			proxyType = 1;
			remoteGlobalIDString = ECAC38DA2BBBCA180019C6FC;
			remoteInfo = PokeApp;
		};
		ECAC38F92BBBCA1B0019C6FC /* PBXContainerItemProxy */ = {
			isa = PBXContainerItemProxy;
			containerPortal = ECAC38D32BBBCA180019C6FC /* Project object */;
			proxyType = 1;
			remoteGlobalIDString = ECAC38DA2BBBCA180019C6FC;
			remoteInfo = PokeApp;
		};
/* End PBXContainerItemProxy section */

/* Begin PBXFileReference section */
		ECAC38DB2BBBCA180019C6FC /* PokeApp.app */ = {isa = PBXFileReference; explicitFileType = wrapper.application; includeInIndex = 0; path = PokeApp.app; sourceTree = BUILT_PRODUCTS_DIR; };
		ECAC38DE2BBBCA180019C6FC /* PokeAppApp.swift */ = {isa = PBXFileReference; lastKnownFileType = sourcecode.swift; path = PokeAppApp.swift; sourceTree = "<group>"; };
		ECAC38E02BBBCA180019C6FC /* LoginView.swift */ = {isa = PBXFileReference; lastKnownFileType = sourcecode.swift; path = LoginView.swift; sourceTree = "<group>"; };
		ECAC38E22BBBCA180019C6FC /* Pokemon.swift */ = {isa = PBXFileReference; lastKnownFileType = sourcecode.swift; path = Pokemon.swift; sourceTree = "<group>"; };
		ECAC38E42BBBCA1B0019C6FC /* Assets.xcassets */ = {isa = PBXFileReference; lastKnownFileType = folder.assetcatalog; path = Assets.xcassets; sourceTree = "<group>"; };
		ECAC38E62BBBCA1B0019C6FC /* PokeApp.entitlements */ = {isa = PBXFileReference; lastKnownFileType = text.plist.entitlements; path = PokeApp.entitlements; sourceTree = "<group>"; };
		ECAC38E82BBBCA1B0019C6FC /* Preview Assets.xcassets */ = {isa = PBXFileReference; lastKnownFileType = folder.assetcatalog; path = "Preview Assets.xcassets"; sourceTree = "<group>"; };
		ECAC38EE2BBBCA1B0019C6FC /* PokeAppTests.xctest */ = {isa = PBXFileReference; explicitFileType = wrapper.cfbundle; includeInIndex = 0; path = PokeAppTests.xctest; sourceTree = BUILT_PRODUCTS_DIR; };
		ECAC38F22BBBCA1B0019C6FC /* PokeAppTests.swift */ = {isa = PBXFileReference; lastKnownFileType = sourcecode.swift; path = PokeAppTests.swift; sourceTree = "<group>"; };
		ECAC38F82BBBCA1B0019C6FC /* PokeAppUITests.xctest */ = {isa = PBXFileReference; explicitFileType = wrapper.cfbundle; includeInIndex = 0; path = PokeAppUITests.xctest; sourceTree = BUILT_PRODUCTS_DIR; };
		ECAC38FC2BBBCA1B0019C6FC /* PokeAppUITests.swift */ = {isa = PBXFileReference; lastKnownFileType = sourcecode.swift; path = PokeAppUITests.swift; sourceTree = "<group>"; };
		ECAC38FE2BBBCA1B0019C6FC /* PokeAppUITestsLaunchTests.swift */ = {isa = PBXFileReference; lastKnownFileType = sourcecode.swift; path = PokeAppUITestsLaunchTests.swift; sourceTree = "<group>"; };
		ECAC39122BBBCD8F0019C6FC /* GoogleService-Info.plist */ = {isa = PBXFileReference; fileEncoding = 4; lastKnownFileType = text.plist.xml; path = "GoogleService-Info.plist"; sourceTree = "<group>"; };
		ECAC39252BBBCEFC0019C6FC /* Localizable.xcstrings */ = {isa = PBXFileReference; lastKnownFileType = text.json.xcstrings; path = Localizable.xcstrings; sourceTree = "<group>"; };
		ECAC392B2BBBCF6F0019C6FC /* PersistentManager.swift */ = {isa = PBXFileReference; lastKnownFileType = sourcecode.swift; path = PersistentManager.swift; sourceTree = "<group>"; };
		ECAC39382BBBD4D20019C6FC /* Launch Screen.storyboard */ = {isa = PBXFileReference; lastKnownFileType = file.storyboard; path = "Launch Screen.storyboard"; sourceTree = "<group>"; };
		ECAC393A2BBBDA800019C6FC /* LoginViewModel.swift */ = {isa = PBXFileReference; lastKnownFileType = sourcecode.swift; path = LoginViewModel.swift; sourceTree = "<group>"; };
/* End PBXFileReference section */

/* Begin PBXFrameworksBuildPhase section */
		ECAC38D82BBBCA180019C6FC /* Frameworks */ = {
			isa = PBXFrameworksBuildPhase;
			buildActionMask = 2147483647;
			files = (
				ECAC390F2BBBCC6D0019C6FC /* FirebaseAuth in Frameworks */,
				ECAC39112BBBCC6D0019C6FC /* FirebaseAuthCombine-Community in Frameworks */,
				ECAC391E2BBBCEBA0019C6FC /* Alamofire in Frameworks */,
				ECAC39202BBBCEBA0019C6FC /* AlamofireDynamic in Frameworks */,
				ECAC39162BBBCDE80019C6FC /* GoogleSignIn in Frameworks */,
				ECAC39182BBBCDE80019C6FC /* GoogleSignInSwift in Frameworks */,
			);
			runOnlyForDeploymentPostprocessing = 0;
		};
		ECAC38EB2BBBCA1B0019C6FC /* Frameworks */ = {
			isa = PBXFrameworksBuildPhase;
			buildActionMask = 2147483647;
			files = (
				ECAC39362BBBD4310019C6FC /* Mocker in Frameworks */,
			);
			runOnlyForDeploymentPostprocessing = 0;
		};
		ECAC38F52BBBCA1B0019C6FC /* Frameworks */ = {
			isa = PBXFrameworksBuildPhase;
			buildActionMask = 2147483647;
			files = (
			);
			runOnlyForDeploymentPostprocessing = 0;
		};
/* End PBXFrameworksBuildPhase section */

/* Begin PBXGroup section */
		ECAC38D22BBBCA180019C6FC = {
			isa = PBXGroup;
			children = (
				ECAC38DD2BBBCA180019C6FC /* PokeApp */,
				ECAC38F12BBBCA1B0019C6FC /* PokeAppTests */,
				ECAC38FB2BBBCA1B0019C6FC /* PokeAppUITests */,
				ECAC38DC2BBBCA180019C6FC /* Products */,
			);
			sourceTree = "<group>";
		};
		ECAC38DC2BBBCA180019C6FC /* Products */ = {
			isa = PBXGroup;
			children = (
				ECAC38DB2BBBCA180019C6FC /* PokeApp.app */,
				ECAC38EE2BBBCA1B0019C6FC /* PokeAppTests.xctest */,
				ECAC38F82BBBCA1B0019C6FC /* PokeAppUITests.xctest */,
			);
			name = Products;
			sourceTree = "<group>";
		};
		ECAC38DD2BBBCA180019C6FC /* PokeApp */ = {
			isa = PBXGroup;
			children = (
				ECAC39292BBBCF540019C6FC /* Data */,
				ECAC39272BBBCF2A0019C6FC /* Feature */,
				ECAC39212BBBCEC50019C6FC /* Common */,
				ECAC38E62BBBCA1B0019C6FC /* PokeApp.entitlements */,
				ECAC39122BBBCD8F0019C6FC /* GoogleService-Info.plist */,
				ECAC38E72BBBCA1B0019C6FC /* Preview Content */,
			);
			path = PokeApp;
			sourceTree = "<group>";
		};
		ECAC38E72BBBCA1B0019C6FC /* Preview Content */ = {
			isa = PBXGroup;
			children = (
				ECAC38E82BBBCA1B0019C6FC /* Preview Assets.xcassets */,
			);
			path = "Preview Content";
			sourceTree = "<group>";
		};
		ECAC38F12BBBCA1B0019C6FC /* PokeAppTests */ = {
			isa = PBXGroup;
			children = (
				ECAC38F22BBBCA1B0019C6FC /* PokeAppTests.swift */,
			);
			path = PokeAppTests;
			sourceTree = "<group>";
		};
		ECAC38FB2BBBCA1B0019C6FC /* PokeAppUITests */ = {
			isa = PBXGroup;
			children = (
				ECAC38FC2BBBCA1B0019C6FC /* PokeAppUITests.swift */,
				ECAC38FE2BBBCA1B0019C6FC /* PokeAppUITestsLaunchTests.swift */,
			);
			path = PokeAppUITests;
			sourceTree = "<group>";
		};
		ECAC39212BBBCEC50019C6FC /* Common */ = {
			isa = PBXGroup;
			children = (
				ECAC39232BBBCED50019C6FC /* Resource */,
				ECAC39222BBBCECA0019C6FC /* Base */,
			);
			path = Common;
			sourceTree = "<group>";
		};
		ECAC39222BBBCECA0019C6FC /* Base */ = {
			isa = PBXGroup;
			children = (
				ECAC38DE2BBBCA180019C6FC /* PokeAppApp.swift */,
			);
			path = Base;
			sourceTree = "<group>";
		};
		ECAC39232BBBCED50019C6FC /* Resource */ = {
			isa = PBXGroup;
			children = (
				ECAC39242BBBCEE40019C6FC /* Localization */,
				ECAC38E42BBBCA1B0019C6FC /* Assets.xcassets */,
			);
			path = Resource;
			sourceTree = "<group>";
		};
		ECAC39242BBBCEE40019C6FC /* Localization */ = {
			isa = PBXGroup;
			children = (
				ECAC39252BBBCEFC0019C6FC /* Localizable.xcstrings */,
			);
			path = Localization;
			sourceTree = "<group>";
		};
		ECAC39272BBBCF2A0019C6FC /* Feature */ = {
			isa = PBXGroup;
			children = (
				ECAC39372BBBD4C60019C6FC /* Splash */,
				ECAC39282BBBCF300019C6FC /* Login */,
			);
			path = Feature;
			sourceTree = "<group>";
		};
		ECAC39282BBBCF300019C6FC /* Login */ = {
			isa = PBXGroup;
			children = (
				ECAC38E02BBBCA180019C6FC /* LoginView.swift */,
				ECAC393A2BBBDA800019C6FC /* LoginViewModel.swift */,
			);
			path = Login;
			sourceTree = "<group>";
		};
		ECAC39292BBBCF540019C6FC /* Data */ = {
			isa = PBXGroup;
			children = (
				ECAC392D2BBBCF730019C6FC /* Pokemon */,
				ECAC392A2BBBCF5F0019C6FC /* SwiftData */,
			);
			path = Data;
			sourceTree = "<group>";
		};
		ECAC392A2BBBCF5F0019C6FC /* SwiftData */ = {
			isa = PBXGroup;
			children = (
				ECAC392B2BBBCF6F0019C6FC /* PersistentManager.swift */,
			);
			path = SwiftData;
			sourceTree = "<group>";
		};
		ECAC392D2BBBCF730019C6FC /* Pokemon */ = {
			isa = PBXGroup;
			children = (
				ECAC392E2BBBCF810019C6FC /* Models */,
			);
			path = Pokemon;
			sourceTree = "<group>";
		};
		ECAC392E2BBBCF810019C6FC /* Models */ = {
			isa = PBXGroup;
			children = (
				ECAC392F2BBBCF870019C6FC /* Domain */,
			);
			path = Models;
			sourceTree = "<group>";
		};
		ECAC392F2BBBCF870019C6FC /* Domain */ = {
			isa = PBXGroup;
			children = (
				ECAC38E22BBBCA180019C6FC /* Pokemon.swift */,
			);
			path = Domain;
			sourceTree = "<group>";
		};
		ECAC39372BBBD4C60019C6FC /* Splash */ = {
			isa = PBXGroup;
			children = (
				ECAC39382BBBD4D20019C6FC /* Launch Screen.storyboard */,
			);
			path = Splash;
			sourceTree = "<group>";
		};
/* End PBXGroup section */

/* Begin PBXNativeTarget section */
		ECAC38DA2BBBCA180019C6FC /* PokeApp */ = {
			isa = PBXNativeTarget;
			buildConfigurationList = ECAC39022BBBCA1B0019C6FC /* Build configuration list for PBXNativeTarget "PokeApp" */;
			buildPhases = (
				ECAC38D72BBBCA180019C6FC /* Sources */,
				ECAC38D82BBBCA180019C6FC /* Frameworks */,
				ECAC38D92BBBCA180019C6FC /* Resources */,
			);
			buildRules = (
			);
			dependencies = (
			);
			name = PokeApp;
			packageProductDependencies = (
				ECAC390E2BBBCC6D0019C6FC /* FirebaseAuth */,
				ECAC39102BBBCC6D0019C6FC /* FirebaseAuthCombine-Community */,
				ECAC39152BBBCDE80019C6FC /* GoogleSignIn */,
				ECAC39172BBBCDE80019C6FC /* GoogleSignInSwift */,
				ECAC391D2BBBCEBA0019C6FC /* Alamofire */,
				ECAC391F2BBBCEBA0019C6FC /* AlamofireDynamic */,
			);
			productName = PokeApp;
			productReference = ECAC38DB2BBBCA180019C6FC /* PokeApp.app */;
			productType = "com.apple.product-type.application";
		};
		ECAC38ED2BBBCA1B0019C6FC /* PokeAppTests */ = {
			isa = PBXNativeTarget;
			buildConfigurationList = ECAC39052BBBCA1B0019C6FC /* Build configuration list for PBXNativeTarget "PokeAppTests" */;
			buildPhases = (
				ECAC38EA2BBBCA1B0019C6FC /* Sources */,
				ECAC38EB2BBBCA1B0019C6FC /* Frameworks */,
				ECAC38EC2BBBCA1B0019C6FC /* Resources */,
			);
			buildRules = (
			);
			dependencies = (
				ECAC38F02BBBCA1B0019C6FC /* PBXTargetDependency */,
			);
			name = PokeAppTests;
			packageProductDependencies = (
				ECAC39352BBBD4310019C6FC /* Mocker */,
			);
			productName = PokeAppTests;
			productReference = ECAC38EE2BBBCA1B0019C6FC /* PokeAppTests.xctest */;
			productType = "com.apple.product-type.bundle.unit-test";
		};
		ECAC38F72BBBCA1B0019C6FC /* PokeAppUITests */ = {
			isa = PBXNativeTarget;
			buildConfigurationList = ECAC39082BBBCA1B0019C6FC /* Build configuration list for PBXNativeTarget "PokeAppUITests" */;
			buildPhases = (
				ECAC38F42BBBCA1B0019C6FC /* Sources */,
				ECAC38F52BBBCA1B0019C6FC /* Frameworks */,
				ECAC38F62BBBCA1B0019C6FC /* Resources */,
			);
			buildRules = (
			);
			dependencies = (
				ECAC38FA2BBBCA1B0019C6FC /* PBXTargetDependency */,
			);
			name = PokeAppUITests;
			productName = PokeAppUITests;
			productReference = ECAC38F82BBBCA1B0019C6FC /* PokeAppUITests.xctest */;
			productType = "com.apple.product-type.bundle.ui-testing";
		};
/* End PBXNativeTarget section */

/* Begin PBXProject section */
		ECAC38D32BBBCA180019C6FC /* Project object */ = {
			isa = PBXProject;
			attributes = {
				BuildIndependentTargetsInParallel = 1;
				LastSwiftUpdateCheck = 1500;
				LastUpgradeCheck = 1500;
				TargetAttributes = {
					ECAC38DA2BBBCA180019C6FC = {
						CreatedOnToolsVersion = 15.0;
					};
					ECAC38ED2BBBCA1B0019C6FC = {
						CreatedOnToolsVersion = 15.0;
						TestTargetID = ECAC38DA2BBBCA180019C6FC;
					};
					ECAC38F72BBBCA1B0019C6FC = {
						CreatedOnToolsVersion = 15.0;
						TestTargetID = ECAC38DA2BBBCA180019C6FC;
					};
				};
			};
			buildConfigurationList = ECAC38D62BBBCA180019C6FC /* Build configuration list for PBXProject "PokeApp" */;
			compatibilityVersion = "Xcode 14.0";
			developmentRegion = en;
			hasScannedForEncodings = 0;
			knownRegions = (
				en,
				Base,
				id,
			);
			mainGroup = ECAC38D22BBBCA180019C6FC;
			packageReferences = (
				ECAC390D2BBBCC6D0019C6FC /* XCRemoteSwiftPackageReference "firebase-ios-sdk" */,
				ECAC39142BBBCDE70019C6FC /* XCRemoteSwiftPackageReference "GoogleSignIn-iOS" */,
				ECAC391C2BBBCEBA0019C6FC /* XCRemoteSwiftPackageReference "Alamofire" */,
				ECAC39342BBBD4310019C6FC /* XCRemoteSwiftPackageReference "Mocker" */,
			);
			productRefGroup = ECAC38DC2BBBCA180019C6FC /* Products */;
			projectDirPath = "";
			projectRoot = "";
			targets = (
				ECAC38DA2BBBCA180019C6FC /* PokeApp */,
				ECAC38ED2BBBCA1B0019C6FC /* PokeAppTests */,
				ECAC38F72BBBCA1B0019C6FC /* PokeAppUITests */,
			);
		};
/* End PBXProject section */

/* Begin PBXResourcesBuildPhase section */
		ECAC38D92BBBCA180019C6FC /* Resources */ = {
			isa = PBXResourcesBuildPhase;
			buildActionMask = 2147483647;
			files = (
				ECAC38E92BBBCA1B0019C6FC /* Preview Assets.xcassets in Resources */,
				ECAC38E52BBBCA1B0019C6FC /* Assets.xcassets in Resources */,
				ECAC39262BBBCEFC0019C6FC /* Localizable.xcstrings in Resources */,
				ECAC39392BBBD4D20019C6FC /* Launch Screen.storyboard in Resources */,
				ECAC39132BBBCD8F0019C6FC /* GoogleService-Info.plist in Resources */,
			);
			runOnlyForDeploymentPostprocessing = 0;
		};
		ECAC38EC2BBBCA1B0019C6FC /* Resources */ = {
			isa = PBXResourcesBuildPhase;
			buildActionMask = 2147483647;
			files = (
			);
			runOnlyForDeploymentPostprocessing = 0;
		};
		ECAC38F62BBBCA1B0019C6FC /* Resources */ = {
			isa = PBXResourcesBuildPhase;
			buildActionMask = 2147483647;
			files = (
			);
			runOnlyForDeploymentPostprocessing = 0;
		};
/* End PBXResourcesBuildPhase section */

/* Begin PBXSourcesBuildPhase section */
		ECAC38D72BBBCA180019C6FC /* Sources */ = {
			isa = PBXSourcesBuildPhase;
			buildActionMask = 2147483647;
			files = (
				ECAC38E12BBBCA180019C6FC /* LoginView.swift in Sources */,
				ECAC38E32BBBCA180019C6FC /* Pokemon.swift in Sources */,
				ECAC392C2BBBCF6F0019C6FC /* PersistentManager.swift in Sources */,
				ECAC393B2BBBDA800019C6FC /* LoginViewModel.swift in Sources */,
				ECAC38DF2BBBCA180019C6FC /* PokeAppApp.swift in Sources */,
			);
			runOnlyForDeploymentPostprocessing = 0;
		};
		ECAC38EA2BBBCA1B0019C6FC /* Sources */ = {
			isa = PBXSourcesBuildPhase;
			buildActionMask = 2147483647;
			files = (
				ECAC38F32BBBCA1B0019C6FC /* PokeAppTests.swift in Sources */,
			);
			runOnlyForDeploymentPostprocessing = 0;
		};
		ECAC38F42BBBCA1B0019C6FC /* Sources */ = {
			isa = PBXSourcesBuildPhase;
			buildActionMask = 2147483647;
			files = (
				ECAC38FD2BBBCA1B0019C6FC /* PokeAppUITests.swift in Sources */,
				ECAC38FF2BBBCA1B0019C6FC /* PokeAppUITestsLaunchTests.swift in Sources */,
			);
			runOnlyForDeploymentPostprocessing = 0;
		};
/* End PBXSourcesBuildPhase section */

/* Begin PBXTargetDependency section */
		ECAC38F02BBBCA1B0019C6FC /* PBXTargetDependency */ = {
			isa = PBXTargetDependency;
			target = ECAC38DA2BBBCA180019C6FC /* PokeApp */;
			targetProxy = ECAC38EF2BBBCA1B0019C6FC /* PBXContainerItemProxy */;
		};
		ECAC38FA2BBBCA1B0019C6FC /* PBXTargetDependency */ = {
			isa = PBXTargetDependency;
			target = ECAC38DA2BBBCA180019C6FC /* PokeApp */;
			targetProxy = ECAC38F92BBBCA1B0019C6FC /* PBXContainerItemProxy */;
		};
/* End PBXTargetDependency section */

/* Begin XCBuildConfiguration section */
		ECAC39002BBBCA1B0019C6FC /* Debug */ = {
			isa = XCBuildConfiguration;
			buildSettings = {
				ALWAYS_SEARCH_USER_PATHS = NO;
				ASSETCATALOG_COMPILER_GENERATE_SWIFT_ASSET_SYMBOL_EXTENSIONS = YES;
				CLANG_ANALYZER_LOCALIZABILITY_NONLOCALIZED = YES;
				CLANG_ANALYZER_NONNULL = YES;
				CLANG_ANALYZER_NUMBER_OBJECT_CONVERSION = YES_AGGRESSIVE;
				CLANG_CXX_LANGUAGE_STANDARD = "gnu++20";
				CLANG_ENABLE_MODULES = YES;
				CLANG_ENABLE_OBJC_ARC = YES;
				CLANG_ENABLE_OBJC_WEAK = YES;
				CLANG_WARN_BLOCK_CAPTURE_AUTORELEASING = YES;
				CLANG_WARN_BOOL_CONVERSION = YES;
				CLANG_WARN_COMMA = YES;
				CLANG_WARN_CONSTANT_CONVERSION = YES;
				CLANG_WARN_DEPRECATED_OBJC_IMPLEMENTATIONS = YES;
				CLANG_WARN_DIRECT_OBJC_ISA_USAGE = YES_ERROR;
				CLANG_WARN_DOCUMENTATION_COMMENTS = YES;
				CLANG_WARN_EMPTY_BODY = YES;
				CLANG_WARN_ENUM_CONVERSION = YES;
				CLANG_WARN_INFINITE_RECURSION = YES;
				CLANG_WARN_INT_CONVERSION = YES;
				CLANG_WARN_NON_LITERAL_NULL_CONVERSION = YES;
				CLANG_WARN_OBJC_IMPLICIT_RETAIN_SELF = YES;
				CLANG_WARN_OBJC_LITERAL_CONVERSION = YES;
				CLANG_WARN_OBJC_ROOT_CLASS = YES_ERROR;
				CLANG_WARN_QUOTED_INCLUDE_IN_FRAMEWORK_HEADER = YES;
				CLANG_WARN_RANGE_LOOP_ANALYSIS = YES;
				CLANG_WARN_STRICT_PROTOTYPES = YES;
				CLANG_WARN_SUSPICIOUS_MOVE = YES;
				CLANG_WARN_UNGUARDED_AVAILABILITY = YES_AGGRESSIVE;
				CLANG_WARN_UNREACHABLE_CODE = YES;
				CLANG_WARN__DUPLICATE_METHOD_MATCH = YES;
				COPY_PHASE_STRIP = NO;
				DEAD_CODE_STRIPPING = YES;
				DEBUG_INFORMATION_FORMAT = dwarf;
				ENABLE_STRICT_OBJC_MSGSEND = YES;
				ENABLE_TESTABILITY = YES;
				ENABLE_USER_SCRIPT_SANDBOXING = YES;
				GCC_C_LANGUAGE_STANDARD = gnu17;
				GCC_DYNAMIC_NO_PIC = NO;
				GCC_NO_COMMON_BLOCKS = YES;
				GCC_OPTIMIZATION_LEVEL = 0;
				GCC_PREPROCESSOR_DEFINITIONS = (
					"DEBUG=1",
					"$(inherited)",
				);
				GCC_WARN_64_TO_32_BIT_CONVERSION = YES;
				GCC_WARN_ABOUT_RETURN_TYPE = YES_ERROR;
				GCC_WARN_UNDECLARED_SELECTOR = YES;
				GCC_WARN_UNINITIALIZED_AUTOS = YES_AGGRESSIVE;
				GCC_WARN_UNUSED_FUNCTION = YES;
				GCC_WARN_UNUSED_VARIABLE = YES;
				INFOPLIST_KEY_UILaunchScreen_Generation = YES;
				INFOPLIST_KEY_UILaunchStoryboardName = "Launch Screen";
				LOCALIZATION_PREFERS_STRING_CATALOGS = YES;
				MTL_ENABLE_DEBUG_INFO = INCLUDE_SOURCE;
				MTL_FAST_MATH = YES;
				ONLY_ACTIVE_ARCH = YES;
				SWIFT_ACTIVE_COMPILATION_CONDITIONS = "DEBUG $(inherited)";
				SWIFT_OPTIMIZATION_LEVEL = "-Onone";
			};
			name = Debug;
		};
		ECAC39012BBBCA1B0019C6FC /* Release */ = {
			isa = XCBuildConfiguration;
			buildSettings = {
				ALWAYS_SEARCH_USER_PATHS = NO;
				ASSETCATALOG_COMPILER_GENERATE_SWIFT_ASSET_SYMBOL_EXTENSIONS = YES;
				CLANG_ANALYZER_LOCALIZABILITY_NONLOCALIZED = YES;
				CLANG_ANALYZER_NONNULL = YES;
				CLANG_ANALYZER_NUMBER_OBJECT_CONVERSION = YES_AGGRESSIVE;
				CLANG_CXX_LANGUAGE_STANDARD = "gnu++20";
				CLANG_ENABLE_MODULES = YES;
				CLANG_ENABLE_OBJC_ARC = YES;
				CLANG_ENABLE_OBJC_WEAK = YES;
				CLANG_WARN_BLOCK_CAPTURE_AUTORELEASING = YES;
				CLANG_WARN_BOOL_CONVERSION = YES;
				CLANG_WARN_COMMA = YES;
				CLANG_WARN_CONSTANT_CONVERSION = YES;
				CLANG_WARN_DEPRECATED_OBJC_IMPLEMENTATIONS = YES;
				CLANG_WARN_DIRECT_OBJC_ISA_USAGE = YES_ERROR;
				CLANG_WARN_DOCUMENTATION_COMMENTS = YES;
				CLANG_WARN_EMPTY_BODY = YES;
				CLANG_WARN_ENUM_CONVERSION = YES;
				CLANG_WARN_INFINITE_RECURSION = YES;
				CLANG_WARN_INT_CONVERSION = YES;
				CLANG_WARN_NON_LITERAL_NULL_CONVERSION = YES;
				CLANG_WARN_OBJC_IMPLICIT_RETAIN_SELF = YES;
				CLANG_WARN_OBJC_LITERAL_CONVERSION = YES;
				CLANG_WARN_OBJC_ROOT_CLASS = YES_ERROR;
				CLANG_WARN_QUOTED_INCLUDE_IN_FRAMEWORK_HEADER = YES;
				CLANG_WARN_RANGE_LOOP_ANALYSIS = YES;
				CLANG_WARN_STRICT_PROTOTYPES = YES;
				CLANG_WARN_SUSPICIOUS_MOVE = YES;
				CLANG_WARN_UNGUARDED_AVAILABILITY = YES_AGGRESSIVE;
				CLANG_WARN_UNREACHABLE_CODE = YES;
				CLANG_WARN__DUPLICATE_METHOD_MATCH = YES;
				COPY_PHASE_STRIP = NO;
				DEAD_CODE_STRIPPING = YES;
				DEBUG_INFORMATION_FORMAT = "dwarf-with-dsym";
				ENABLE_NS_ASSERTIONS = NO;
				ENABLE_STRICT_OBJC_MSGSEND = YES;
				ENABLE_USER_SCRIPT_SANDBOXING = YES;
				GCC_C_LANGUAGE_STANDARD = gnu17;
				GCC_NO_COMMON_BLOCKS = YES;
				GCC_WARN_64_TO_32_BIT_CONVERSION = YES;
				GCC_WARN_ABOUT_RETURN_TYPE = YES_ERROR;
				GCC_WARN_UNDECLARED_SELECTOR = YES;
				GCC_WARN_UNINITIALIZED_AUTOS = YES_AGGRESSIVE;
				GCC_WARN_UNUSED_FUNCTION = YES;
				GCC_WARN_UNUSED_VARIABLE = YES;
				INFOPLIST_KEY_UILaunchScreen_Generation = YES;
				INFOPLIST_KEY_UILaunchStoryboardName = "Launch Screen";
				LOCALIZATION_PREFERS_STRING_CATALOGS = YES;
				MTL_ENABLE_DEBUG_INFO = NO;
				MTL_FAST_MATH = YES;
				SWIFT_COMPILATION_MODE = wholemodule;
			};
			name = Release;
		};
		ECAC39032BBBCA1B0019C6FC /* Debug */ = {
			isa = XCBuildConfiguration;
			buildSettings = {
				ASSETCATALOG_COMPILER_APPICON_NAME = AppIcon;
				ASSETCATALOG_COMPILER_GLOBAL_ACCENT_COLOR_NAME = AccentColor;
				CODE_SIGN_ENTITLEMENTS = PokeApp/PokeApp.entitlements;
				CODE_SIGN_STYLE = Automatic;
				CURRENT_PROJECT_VERSION = 1;
				DEAD_CODE_STRIPPING = YES;
				DEVELOPMENT_ASSET_PATHS = "\"PokeApp/Preview Content\"";
				DEVELOPMENT_TEAM = 6M5M727687;
				ENABLE_HARDENED_RUNTIME = YES;
				ENABLE_PREVIEWS = YES;
				GENERATE_INFOPLIST_FILE = YES;
				INFOPLIST_KEY_CFBundleDisplayName = PokeApp;
				"INFOPLIST_KEY_UIApplicationSceneManifest_Generation[sdk=iphoneos*]" = YES;
				"INFOPLIST_KEY_UIApplicationSceneManifest_Generation[sdk=iphonesimulator*]" = YES;
				"INFOPLIST_KEY_UIApplicationSupportsIndirectInputEvents[sdk=iphoneos*]" = YES;
				"INFOPLIST_KEY_UIApplicationSupportsIndirectInputEvents[sdk=iphonesimulator*]" = YES;
				"INFOPLIST_KEY_UILaunchScreen_Generation[sdk=iphoneos*]" = YES;
				"INFOPLIST_KEY_UILaunchScreen_Generation[sdk=iphonesimulator*]" = YES;
				"INFOPLIST_KEY_UIStatusBarStyle[sdk=iphoneos*]" = UIStatusBarStyleDefault;
				"INFOPLIST_KEY_UIStatusBarStyle[sdk=iphonesimulator*]" = UIStatusBarStyleDefault;
				INFOPLIST_KEY_UISupportedInterfaceOrientations_iPad = "UIInterfaceOrientationPortrait UIInterfaceOrientationPortraitUpsideDown UIInterfaceOrientationLandscapeLeft UIInterfaceOrientationLandscapeRight";
				INFOPLIST_KEY_UISupportedInterfaceOrientations_iPhone = "UIInterfaceOrientationPortrait UIInterfaceOrientationLandscapeLeft UIInterfaceOrientationLandscapeRight";
				IPHONEOS_DEPLOYMENT_TARGET = 17.0;
				LD_RUNPATH_SEARCH_PATHS = "@executable_path/Frameworks";
				"LD_RUNPATH_SEARCH_PATHS[sdk=macosx*]" = "@executable_path/../Frameworks";
				MACOSX_DEPLOYMENT_TARGET = 14.0;
				MARKETING_VERSION = 1.0;
				PRODUCT_BUNDLE_IDENTIFIER = com.example.PokeApp;
				PRODUCT_NAME = "$(TARGET_NAME)";
				SDKROOT = auto;
				SUPPORTED_PLATFORMS = "iphoneos iphonesimulator";
				SUPPORTS_MACCATALYST = NO;
				SWIFT_EMIT_LOC_STRINGS = YES;
				SWIFT_VERSION = 5.0;
				TARGETED_DEVICE_FAMILY = "1,2";
			};
			name = Debug;
		};
		ECAC39042BBBCA1B0019C6FC /* Release */ = {
			isa = XCBuildConfiguration;
			buildSettings = {
				ASSETCATALOG_COMPILER_APPICON_NAME = AppIcon;
				ASSETCATALOG_COMPILER_GLOBAL_ACCENT_COLOR_NAME = AccentColor;
				CODE_SIGN_ENTITLEMENTS = PokeApp/PokeApp.entitlements;
				CODE_SIGN_STYLE = Automatic;
				CURRENT_PROJECT_VERSION = 1;
				DEAD_CODE_STRIPPING = YES;
				DEVELOPMENT_ASSET_PATHS = "\"PokeApp/Preview Content\"";
				DEVELOPMENT_TEAM = 6M5M727687;
				ENABLE_HARDENED_RUNTIME = YES;
				ENABLE_PREVIEWS = YES;
				GENERATE_INFOPLIST_FILE = YES;
				INFOPLIST_KEY_CFBundleDisplayName = PokeApp;
				"INFOPLIST_KEY_UIApplicationSceneManifest_Generation[sdk=iphoneos*]" = YES;
				"INFOPLIST_KEY_UIApplicationSceneManifest_Generation[sdk=iphonesimulator*]" = YES;
				"INFOPLIST_KEY_UIApplicationSupportsIndirectInputEvents[sdk=iphoneos*]" = YES;
				"INFOPLIST_KEY_UIApplicationSupportsIndirectInputEvents[sdk=iphonesimulator*]" = YES;
				"INFOPLIST_KEY_UILaunchScreen_Generation[sdk=iphoneos*]" = YES;
				"INFOPLIST_KEY_UILaunchScreen_Generation[sdk=iphonesimulator*]" = YES;
				"INFOPLIST_KEY_UIStatusBarStyle[sdk=iphoneos*]" = UIStatusBarStyleDefault;
				"INFOPLIST_KEY_UIStatusBarStyle[sdk=iphonesimulator*]" = UIStatusBarStyleDefault;
				INFOPLIST_KEY_UISupportedInterfaceOrientations_iPad = "UIInterfaceOrientationPortrait UIInterfaceOrientationPortraitUpsideDown UIInterfaceOrientationLandscapeLeft UIInterfaceOrientationLandscapeRight";
				INFOPLIST_KEY_UISupportedInterfaceOrientations_iPhone = "UIInterfaceOrientationPortrait UIInterfaceOrientationLandscapeLeft UIInterfaceOrientationLandscapeRight";
				IPHONEOS_DEPLOYMENT_TARGET = 17.0;
				LD_RUNPATH_SEARCH_PATHS = "@executable_path/Frameworks";
				"LD_RUNPATH_SEARCH_PATHS[sdk=macosx*]" = "@executable_path/../Frameworks";
				MACOSX_DEPLOYMENT_TARGET = 14.0;
				MARKETING_VERSION = 1.0;
				PRODUCT_BUNDLE_IDENTIFIER = com.example.PokeApp;
				PRODUCT_NAME = "$(TARGET_NAME)";
				SDKROOT = auto;
				SUPPORTED_PLATFORMS = "iphoneos iphonesimulator";
				SUPPORTS_MACCATALYST = NO;
				SWIFT_EMIT_LOC_STRINGS = YES;
				SWIFT_VERSION = 5.0;
				TARGETED_DEVICE_FAMILY = "1,2";
			};
			name = Release;
		};
		ECAC39062BBBCA1B0019C6FC /* Debug */ = {
			isa = XCBuildConfiguration;
			buildSettings = {
				ALWAYS_EMBED_SWIFT_STANDARD_LIBRARIES = YES;
				BUNDLE_LOADER = "$(TEST_HOST)";
				CODE_SIGN_STYLE = Automatic;
				CURRENT_PROJECT_VERSION = 1;
				DEAD_CODE_STRIPPING = YES;
				DEVELOPMENT_TEAM = 6M5M727687;
				GENERATE_INFOPLIST_FILE = YES;
				IPHONEOS_DEPLOYMENT_TARGET = 17.0;
				MACOSX_DEPLOYMENT_TARGET = 14.0;
				MARKETING_VERSION = 1.0;
				PRODUCT_BUNDLE_IDENTIFIER = com.example.PokeAppTests;
				PRODUCT_NAME = "$(TARGET_NAME)";
				SDKROOT = auto;
				SUPPORTED_PLATFORMS = "iphoneos iphonesimulator macosx";
				SWIFT_EMIT_LOC_STRINGS = NO;
				SWIFT_VERSION = 5.0;
				TARGETED_DEVICE_FAMILY = "1,2";
				TEST_HOST = "$(BUILT_PRODUCTS_DIR)/PokeApp.app/$(BUNDLE_EXECUTABLE_FOLDER_PATH)/PokeApp";
			};
			name = Debug;
		};
		ECAC39072BBBCA1B0019C6FC /* Release */ = {
			isa = XCBuildConfiguration;
			buildSettings = {
				ALWAYS_EMBED_SWIFT_STANDARD_LIBRARIES = YES;
				BUNDLE_LOADER = "$(TEST_HOST)";
				CODE_SIGN_STYLE = Automatic;
				CURRENT_PROJECT_VERSION = 1;
				DEAD_CODE_STRIPPING = YES;
				DEVELOPMENT_TEAM = 6M5M727687;
				GENERATE_INFOPLIST_FILE = YES;
				IPHONEOS_DEPLOYMENT_TARGET = 17.0;
				MACOSX_DEPLOYMENT_TARGET = 14.0;
				MARKETING_VERSION = 1.0;
				PRODUCT_BUNDLE_IDENTIFIER = com.example.PokeAppTests;
				PRODUCT_NAME = "$(TARGET_NAME)";
				SDKROOT = auto;
				SUPPORTED_PLATFORMS = "iphoneos iphonesimulator macosx";
				SWIFT_EMIT_LOC_STRINGS = NO;
				SWIFT_VERSION = 5.0;
				TARGETED_DEVICE_FAMILY = "1,2";
				TEST_HOST = "$(BUILT_PRODUCTS_DIR)/PokeApp.app/$(BUNDLE_EXECUTABLE_FOLDER_PATH)/PokeApp";
			};
			name = Release;
		};
		ECAC39092BBBCA1B0019C6FC /* Debug */ = {
			isa = XCBuildConfiguration;
			buildSettings = {
				ALWAYS_EMBED_SWIFT_STANDARD_LIBRARIES = YES;
				CODE_SIGN_STYLE = Automatic;
				CURRENT_PROJECT_VERSION = 1;
				DEAD_CODE_STRIPPING = YES;
				DEVELOPMENT_TEAM = 6M5M727687;
				GENERATE_INFOPLIST_FILE = YES;
				IPHONEOS_DEPLOYMENT_TARGET = 17.0;
				MACOSX_DEPLOYMENT_TARGET = 14.0;
				MARKETING_VERSION = 1.0;
				PRODUCT_BUNDLE_IDENTIFIER = com.example.PokeAppUITests;
				PRODUCT_NAME = "$(TARGET_NAME)";
				SDKROOT = auto;
				SUPPORTED_PLATFORMS = "iphoneos iphonesimulator macosx";
				SWIFT_EMIT_LOC_STRINGS = NO;
				SWIFT_VERSION = 5.0;
				TARGETED_DEVICE_FAMILY = "1,2";
				TEST_TARGET_NAME = PokeApp;
			};
			name = Debug;
		};
		ECAC390A2BBBCA1B0019C6FC /* Release */ = {
			isa = XCBuildConfiguration;
			buildSettings = {
				ALWAYS_EMBED_SWIFT_STANDARD_LIBRARIES = YES;
				CODE_SIGN_STYLE = Automatic;
				CURRENT_PROJECT_VERSION = 1;
				DEAD_CODE_STRIPPING = YES;
				DEVELOPMENT_TEAM = 6M5M727687;
				GENERATE_INFOPLIST_FILE = YES;
				IPHONEOS_DEPLOYMENT_TARGET = 17.0;
				MACOSX_DEPLOYMENT_TARGET = 14.0;
				MARKETING_VERSION = 1.0;
				PRODUCT_BUNDLE_IDENTIFIER = com.example.PokeAppUITests;
				PRODUCT_NAME = "$(TARGET_NAME)";
				SDKROOT = auto;
				SUPPORTED_PLATFORMS = "iphoneos iphonesimulator macosx";
				SWIFT_EMIT_LOC_STRINGS = NO;
				SWIFT_VERSION = 5.0;
				TARGETED_DEVICE_FAMILY = "1,2";
				TEST_TARGET_NAME = PokeApp;
			};
			name = Release;
		};
/* End XCBuildConfiguration section */

/* Begin XCConfigurationList section */
		ECAC38D62BBBCA180019C6FC /* Build configuration list for PBXProject "PokeApp" */ = {
			isa = XCConfigurationList;
			buildConfigurations = (
				ECAC39002BBBCA1B0019C6FC /* Debug */,
				ECAC39012BBBCA1B0019C6FC /* Release */,
			);
			defaultConfigurationIsVisible = 0;
			defaultConfigurationName = Release;
		};
		ECAC39022BBBCA1B0019C6FC /* Build configuration list for PBXNativeTarget "PokeApp" */ = {
			isa = XCConfigurationList;
			buildConfigurations = (
				ECAC39032BBBCA1B0019C6FC /* Debug */,
				ECAC39042BBBCA1B0019C6FC /* Release */,
			);
			defaultConfigurationIsVisible = 0;
			defaultConfigurationName = Release;
		};
		ECAC39052BBBCA1B0019C6FC /* Build configuration list for PBXNativeTarget "PokeAppTests" */ = {
			isa = XCConfigurationList;
			buildConfigurations = (
				ECAC39062BBBCA1B0019C6FC /* Debug */,
				ECAC39072BBBCA1B0019C6FC /* Release */,
			);
			defaultConfigurationIsVisible = 0;
			defaultConfigurationName = Release;
		};
		ECAC39082BBBCA1B0019C6FC /* Build configuration list for PBXNativeTarget "PokeAppUITests" */ = {
			isa = XCConfigurationList;
			buildConfigurations = (
				ECAC39092BBBCA1B0019C6FC /* Debug */,
				ECAC390A2BBBCA1B0019C6FC /* Release */,
			);
			defaultConfigurationIsVisible = 0;
			defaultConfigurationName = Release;
		};
/* End XCConfigurationList section */

/* Begin XCRemoteSwiftPackageReference section */
		ECAC390D2BBBCC6D0019C6FC /* XCRemoteSwiftPackageReference "firebase-ios-sdk" */ = {
			isa = XCRemoteSwiftPackageReference;
			repositoryURL = "https://github.com/firebase/firebase-ios-sdk";
			requirement = {
				kind = upToNextMajorVersion;
				minimumVersion = 10.23.1;
			};
		};
		ECAC39142BBBCDE70019C6FC /* XCRemoteSwiftPackageReference "GoogleSignIn-iOS" */ = {
			isa = XCRemoteSwiftPackageReference;
			repositoryURL = "https://github.com/google/GoogleSignIn-iOS";
			requirement = {
				kind = upToNextMajorVersion;
				minimumVersion = 7.0.0;
			};
		};
		ECAC391C2BBBCEBA0019C6FC /* XCRemoteSwiftPackageReference "Alamofire" */ = {
			isa = XCRemoteSwiftPackageReference;
			repositoryURL = "https://github.com/Alamofire/Alamofire";
			requirement = {
				kind = upToNextMajorVersion;
				minimumVersion = 5.9.1;
			};
		};
		ECAC39342BBBD4310019C6FC /* XCRemoteSwiftPackageReference "Mocker" */ = {
			isa = XCRemoteSwiftPackageReference;
			repositoryURL = "https://github.com/WeTransfer/Mocker.git";
			requirement = {
				kind = upToNextMajorVersion;
				minimumVersion = 3.0.2;
			};
		};
/* End XCRemoteSwiftPackageReference section */

/* Begin XCSwiftPackageProductDependency section */
		ECAC390E2BBBCC6D0019C6FC /* FirebaseAuth */ = {
			isa = XCSwiftPackageProductDependency;
			package = ECAC390D2BBBCC6D0019C6FC /* XCRemoteSwiftPackageReference "firebase-ios-sdk" */;
			productName = FirebaseAuth;
		};
		ECAC39102BBBCC6D0019C6FC /* FirebaseAuthCombine-Community */ = {
			isa = XCSwiftPackageProductDependency;
			package = ECAC390D2BBBCC6D0019C6FC /* XCRemoteSwiftPackageReference "firebase-ios-sdk" */;
			productName = "FirebaseAuthCombine-Community";
		};
		ECAC39152BBBCDE80019C6FC /* GoogleSignIn */ = {
			isa = XCSwiftPackageProductDependency;
			package = ECAC39142BBBCDE70019C6FC /* XCRemoteSwiftPackageReference "GoogleSignIn-iOS" */;
			productName = GoogleSignIn;
		};
		ECAC39172BBBCDE80019C6FC /* GoogleSignInSwift */ = {
			isa = XCSwiftPackageProductDependency;
			package = ECAC39142BBBCDE70019C6FC /* XCRemoteSwiftPackageReference "GoogleSignIn-iOS" */;
			productName = GoogleSignInSwift;
		};
		ECAC391D2BBBCEBA0019C6FC /* Alamofire */ = {
			isa = XCSwiftPackageProductDependency;
			package = ECAC391C2BBBCEBA0019C6FC /* XCRemoteSwiftPackageReference "Alamofire" */;
			productName = Alamofire;
		};
		ECAC391F2BBBCEBA0019C6FC /* AlamofireDynamic */ = {
			isa = XCSwiftPackageProductDependency;
			package = ECAC391C2BBBCEBA0019C6FC /* XCRemoteSwiftPackageReference "Alamofire" */;
			productName = AlamofireDynamic;
		};
		ECAC39352BBBD4310019C6FC /* Mocker */ = {
			isa = XCSwiftPackageProductDependency;
			package = ECAC39342BBBD4310019C6FC /* XCRemoteSwiftPackageReference "Mocker" */;
			productName = Mocker;
		};
/* End XCSwiftPackageProductDependency section */
	};
	rootObject = ECAC38D32BBBCA180019C6FC /* Project object */;
}
